
Microsoft Visual Studio Solution File, Format Version 12.00
# Visual Studio Version 17
VisualStudioVersion = 17.6.33801.468
MinimumVisualStudioVersion = 10.0.40219.1
Project("{FAE04EC0-301F-11D3-BF4B-00C04F79EFBC}") = "CalculoIRRF", "CalculoIRRF.csproj", "{C3D02BC8-EC4A-45B3-B206-B15D838E2671}"
EndProject
Global
	GlobalSection(SolutionConfigurationPlatforms) = preSolution
		Debug|Any CPU = Debug|Any CPU
		Release|Any CPU = Release|Any CPU
	EndGlobalSection
	GlobalSection(ProjectConfigurationPlatforms) = postSolution
		{C3D02BC8-EC4A-45B3-B206-B15D838E2671}.Debug|Any CPU.ActiveCfg = Debug|Any CPU
		{C3D02BC8-EC4A-45B3-B206-B15D838E2671}.Debug|Any CPU.Build.0 = Debug|Any CPU
		{C3D02BC8-EC4A-45B3-B206-B15D838E2671}.Release|Any CPU.ActiveCfg = Release|Any CPU
		{C3D02BC8-EC4A-45B3-B206-B15D838E2671}.Release|Any CPU.Build.0 = Release|Any CPU
	EndGlobalSection
	GlobalSection(SolutionProperties) = preSolution
		HideSolutionNode = FALSE
	EndGlobalSection
	GlobalSection(ExtensibilityGlobals) = postSolution
		SolutionGuid = {6F37EB2A-25C9-49B3-B282-1B2C119CB879}
	EndGlobalSection
EndGlobal
